
Microsoft Visual Studio Solution File, Format Version 12.00
# Visual Studio Version 16
VisualStudioVersion = 16.0.30406.217
MinimumVisualStudioVersion = 10.0.40219.1
Project("{2150E333-8FDC-42A3-9474-1A3956D46DE8}") = "src", "src", "{91894018-CD2E-4882-8676-A8FD07437675}"
EndProject
Project("{2150E333-8FDC-42A3-9474-1A3956D46DE8}") = "Catalog", "Catalog", "{996B8A3B-F419-4B03-A96C-DDCC7E9EBAE7}"
EndProject
Project("{9A19103F-16F7-4668-BE54-9A1E7A4F7556}") = "Catalog.API", "src\Catalog\Catalog.API\Catalog.API.csproj", "{F3EC6EE1-984E-4454-8B97-17362054A948}"
EndProject
Project("{E53339B2-1760-4266-BCC7-CA923CBCF16C}") = "docker-compose", "docker-compose.dcproj", "{8DE167DF-7F6C-4959-967C-A50AEBC0D51F}"
EndProject
Project("{2150E333-8FDC-42A3-9474-1A3956D46DE8}") = "Basket", "Basket", "{BDF01312-E044-4E21-9AA6-F7872732EAC3}"
EndProject
Project("{9A19103F-16F7-4668-BE54-9A1E7A4F7556}") = "Basket.API", "src\Basket\Basket.API\Basket.API.csproj", "{5675244E-0480-460C-ABAE-04E62076BECC}"
EndProject
Project("{2150E333-8FDC-42A3-9474-1A3956D46DE8}") = "Common", "Common", "{AAC0830F-8CF7-487C-942C-FC8B4E15719E}"
EndProject
Project("{9A19103F-16F7-4668-BE54-9A1E7A4F7556}") = "EventBusRabbitMQ", "src\Common\EventBusRabbitMQ\EventBusRabbitMQ.csproj", "{FA45A395-D6E8-4D3E-A2BD-0C826A41628C}"
EndProject
Project("{2150E333-8FDC-42A3-9474-1A3956D46DE8}") = "Ordering", "Ordering", "{41174A42-2BE8-49E4-B7E8-8FC60D2CFA9F}"
EndProject
Project("{FAE04EC0-301F-11D3-BF4B-00C04F79EFBC}") = "Ordering.API", "src\Ordering\Ordering.API\Ordering.API.csproj", "{790D3FA2-77F2-42DA-B7B1-98E8967505E5}"
EndProject
Project("{FAE04EC0-301F-11D3-BF4B-00C04F79EFBC}") = "Ordering.Core", "src\Ordering\Ordering.Core\Ordering.Core.csproj", "{16C39CD9-53F3-4A51-9F19-50076116710E}"
EndProject
Project("{FAE04EC0-301F-11D3-BF4B-00C04F79EFBC}") = "Ordering.Infrastructure", "src\Ordering\Ordering.Infrastructure\Ordering.Infrastructure.csproj", "{F4C99EE2-EA3D-4302-9495-9B96BFE6B9AF}"
EndProject
Project("{FAE04EC0-301F-11D3-BF4B-00C04F79EFBC}") = "Ordering.Application", "src\Ordering\Ordering.Application\Ordering.Application.csproj", "{A9B6C277-87C4-4C0D-BF3D-EDCEC5D8B404}"
EndProject
Project("{2150E333-8FDC-42A3-9474-1A3956D46DE8}") = "ApiGateway", "ApiGateway", "{1F9C2083-BD8C-46A1-9C3F-004F126FAD7F}"
EndProject
Project("{FAE04EC0-301F-11D3-BF4B-00C04F79EFBC}") = "API.Gateway", "src\ApiGateway\API.Gateway\API.Gateway.csproj", "{5683DE75-B40F-4BDB-ADC8-F2BBFB285182}"
EndProject
Project("{2150E333-8FDC-42A3-9474-1A3956D46DE8}") = "WebApp", "WebApp", "{1988449F-D430-4558-8C5E-7335CF0A1F57}"
EndProject
Project("{FAE04EC0-301F-11D3-BF4B-00C04F79EFBC}") = "AspnetRunBasics", "src\WebApp\AspnetRunBasics\AspnetRunBasics.csproj", "{03B354AF-572F-425C-842A-70A3434E68AF}"
EndProject
Project("{2150E333-8FDC-42A3-9474-1A3956D46DE8}") = "Envoy", "Envoy", "{164BB408-8275-4046-AD7D-938E752C9ECA}"
ProjectSection(SolutionItems) = preProject
	src\Envoy\Dockerfile = src\Envoy\Dockerfile
	src\Envoy\envoy.yaml = src\Envoy\envoy.yaml
EndProjectSection
EndProject
Global
	GlobalSection(SolutionConfigurationPlatforms) = preSolution
		Debug|Any CPU = Debug|Any CPU
		Release|Any CPU = Release|Any CPU
	EndGlobalSection
	GlobalSection(ProjectConfigurationPlatforms) = postSolution
		{F3EC6EE1-984E-4454-8B97-17362054A948}.Debug|Any CPU.ActiveCfg = Debug|Any CPU
		{F3EC6EE1-984E-4454-8B97-17362054A948}.Debug|Any CPU.Build.0 = Debug|Any CPU
		{F3EC6EE1-984E-4454-8B97-17362054A948}.Release|Any CPU.ActiveCfg = Release|Any CPU
		{F3EC6EE1-984E-4454-8B97-17362054A948}.Release|Any CPU.Build.0 = Release|Any CPU
		{8DE167DF-7F6C-4959-967C-A50AEBC0D51F}.Debug|Any CPU.ActiveCfg = Debug|Any CPU
		{8DE167DF-7F6C-4959-967C-A50AEBC0D51F}.Debug|Any CPU.Build.0 = Debug|Any CPU
		{8DE167DF-7F6C-4959-967C-A50AEBC0D51F}.Release|Any CPU.ActiveCfg = Release|Any CPU
		{8DE167DF-7F6C-4959-967C-A50AEBC0D51F}.Release|Any CPU.Build.0 = Release|Any CPU
		{5675244E-0480-460C-ABAE-04E62076BECC}.Debug|Any CPU.ActiveCfg = Debug|Any CPU
		{5675244E-0480-460C-ABAE-04E62076BECC}.Debug|Any CPU.Build.0 = Debug|Any CPU
		{5675244E-0480-460C-ABAE-04E62076BECC}.Release|Any CPU.ActiveCfg = Release|Any CPU
		{5675244E-0480-460C-ABAE-04E62076BECC}.Release|Any CPU.Build.0 = Release|Any CPU
		{FA45A395-D6E8-4D3E-A2BD-0C826A41628C}.Debug|Any CPU.ActiveCfg = Debug|Any CPU
		{FA45A395-D6E8-4D3E-A2BD-0C826A41628C}.Debug|Any CPU.Build.0 = Debug|Any CPU
		{FA45A395-D6E8-4D3E-A2BD-0C826A41628C}.Release|Any CPU.ActiveCfg = Release|Any CPU
		{FA45A395-D6E8-4D3E-A2BD-0C826A41628C}.Release|Any CPU.Build.0 = Release|Any CPU
		{790D3FA2-77F2-42DA-B7B1-98E8967505E5}.Debug|Any CPU.ActiveCfg = Debug|Any CPU
		{790D3FA2-77F2-42DA-B7B1-98E8967505E5}.Debug|Any CPU.Build.0 = Debug|Any CPU
		{790D3FA2-77F2-42DA-B7B1-98E8967505E5}.Release|Any CPU.ActiveCfg = Release|Any CPU
		{790D3FA2-77F2-42DA-B7B1-98E8967505E5}.Release|Any CPU.Build.0 = Release|Any CPU
		{16C39CD9-53F3-4A51-9F19-50076116710E}.Debug|Any CPU.ActiveCfg = Debug|Any CPU
		{16C39CD9-53F3-4A51-9F19-50076116710E}.Debug|Any CPU.Build.0 = Debug|Any CPU
		{16C39CD9-53F3-4A51-9F19-50076116710E}.Release|Any CPU.ActiveCfg = Release|Any CPU
		{16C39CD9-53F3-4A51-9F19-50076116710E}.Release|Any CPU.Build.0 = Release|Any CPU
		{F4C99EE2-EA3D-4302-9495-9B96BFE6B9AF}.Debug|Any CPU.ActiveCfg = Debug|Any CPU
		{F4C99EE2-EA3D-4302-9495-9B96BFE6B9AF}.Debug|Any CPU.Build.0 = Debug|Any CPU
		{F4C99EE2-EA3D-4302-9495-9B96BFE6B9AF}.Release|Any CPU.ActiveCfg = Release|Any CPU
		{F4C99EE2-EA3D-4302-9495-9B96BFE6B9AF}.Release|Any CPU.Build.0 = Release|Any CPU
		{A9B6C277-87C4-4C0D-BF3D-EDCEC5D8B404}.Debug|Any CPU.ActiveCfg = Debug|Any CPU
		{A9B6C277-87C4-4C0D-BF3D-EDCEC5D8B404}.Debug|Any CPU.Build.0 = Debug|Any CPU
		{A9B6C277-87C4-4C0D-BF3D-EDCEC5D8B404}.Release|Any CPU.ActiveCfg = Release|Any CPU
		{A9B6C277-87C4-4C0D-BF3D-EDCEC5D8B404}.Release|Any CPU.Build.0 = Release|Any CPU
		{5683DE75-B40F-4BDB-ADC8-F2BBFB285182}.Debug|Any CPU.ActiveCfg = Debug|Any CPU
		{5683DE75-B40F-4BDB-ADC8-F2BBFB285182}.Debug|Any CPU.Build.0 = Debug|Any CPU
		{5683DE75-B40F-4BDB-ADC8-F2BBFB285182}.Release|Any CPU.ActiveCfg = Release|Any CPU
		{5683DE75-B40F-4BDB-ADC8-F2BBFB285182}.Release|Any CPU.Build.0 = Release|Any CPU
		{03B354AF-572F-425C-842A-70A3434E68AF}.Debug|Any CPU.ActiveCfg = Debug|Any CPU
		{03B354AF-572F-425C-842A-70A3434E68AF}.Debug|Any CPU.Build.0 = Debug|Any CPU
		{03B354AF-572F-425C-842A-70A3434E68AF}.Release|Any CPU.ActiveCfg = Release|Any CPU
		{03B354AF-572F-425C-842A-70A3434E68AF}.Release|Any CPU.Build.0 = Release|Any CPU
	EndGlobalSection
	GlobalSection(SolutionProperties) = preSolution
		HideSolutionNode = FALSE
	EndGlobalSection
	GlobalSection(NestedProjects) = preSolution
		{996B8A3B-F419-4B03-A96C-DDCC7E9EBAE7} = {91894018-CD2E-4882-8676-A8FD07437675}
		{F3EC6EE1-984E-4454-8B97-17362054A948} = {996B8A3B-F419-4B03-A96C-DDCC7E9EBAE7}
		{BDF01312-E044-4E21-9AA6-F7872732EAC3} = {91894018-CD2E-4882-8676-A8FD07437675}
		{5675244E-0480-460C-ABAE-04E62076BECC} = {BDF01312-E044-4E21-9AA6-F7872732EAC3}
		{AAC0830F-8CF7-487C-942C-FC8B4E15719E} = {91894018-CD2E-4882-8676-A8FD07437675}
		{FA45A395-D6E8-4D3E-A2BD-0C826A41628C} = {AAC0830F-8CF7-487C-942C-FC8B4E15719E}
		{41174A42-2BE8-49E4-B7E8-8FC60D2CFA9F} = {91894018-CD2E-4882-8676-A8FD07437675}
		{790D3FA2-77F2-42DA-B7B1-98E8967505E5} = {41174A42-2BE8-49E4-B7E8-8FC60D2CFA9F}
		{16C39CD9-53F3-4A51-9F19-50076116710E} = {41174A42-2BE8-49E4-B7E8-8FC60D2CFA9F}
		{F4C99EE2-EA3D-4302-9495-9B96BFE6B9AF} = {41174A42-2BE8-49E4-B7E8-8FC60D2CFA9F}
		{A9B6C277-87C4-4C0D-BF3D-EDCEC5D8B404} = {41174A42-2BE8-49E4-B7E8-8FC60D2CFA9F}
		{1F9C2083-BD8C-46A1-9C3F-004F126FAD7F} = {91894018-CD2E-4882-8676-A8FD07437675}
		{5683DE75-B40F-4BDB-ADC8-F2BBFB285182} = {1F9C2083-BD8C-46A1-9C3F-004F126FAD7F}
		{1988449F-D430-4558-8C5E-7335CF0A1F57} = {91894018-CD2E-4882-8676-A8FD07437675}
		{03B354AF-572F-425C-842A-70A3434E68AF} = {1988449F-D430-4558-8C5E-7335CF0A1F57}
		{164BB408-8275-4046-AD7D-938E752C9ECA} = {91894018-CD2E-4882-8676-A8FD07437675}
	EndGlobalSection
	GlobalSection(ExtensibilityGlobals) = postSolution
		SolutionGuid = {DC2BC742-6A4B-4F92-81FA-383AEA30B866}
	EndGlobalSection
EndGlobal
